// !$*UTF8*$!
{
	archiveVersion = 1;
	classes = {
	};
	objectVersion = 50;
	objects = {

/* Begin PBXBuildFile section */
		58D0E709253917FF008FB837 /* AppDelegate.swift in Sources */ = {isa = PBXBuildFile; fileRef = 58D0E708253917FF008FB837 /* AppDelegate.swift */; };
		58D0E70B253917FF008FB837 /* SceneDelegate.swift in Sources */ = {isa = PBXBuildFile; fileRef = 58D0E70A253917FF008FB837 /* SceneDelegate.swift */; };
		58D0E710253917FF008FB837 /* Main.storyboard in Resources */ = {isa = PBXBuildFile; fileRef = 58D0E70E253917FF008FB837 /* Main.storyboard */; };
		58D0E71225391801008FB837 /* Assets.xcassets in Resources */ = {isa = PBXBuildFile; fileRef = 58D0E71125391801008FB837 /* Assets.xcassets */; };
		58D0E71525391801008FB837 /* LaunchScreen.storyboard in Resources */ = {isa = PBXBuildFile; fileRef = 58D0E71325391801008FB837 /* LaunchScreen.storyboard */; };
		58D0E72025391801008FB837 /* ToDo_ListTests.swift in Sources */ = {isa = PBXBuildFile; fileRef = 58D0E71F25391801008FB837 /* ToDo_ListTests.swift */; };
		58D0E72B25391801008FB837 /* ToDo_ListUITests.swift in Sources */ = {isa = PBXBuildFile; fileRef = 58D0E72A25391801008FB837 /* ToDo_ListUITests.swift */; };
		58D0E73F253918C4008FB837 /* TableViewController.swift in Sources */ = {isa = PBXBuildFile; fileRef = 58D0E73E253918C4008FB837 /* TableViewController.swift */; };
		58D0E74425391951008FB837 /* ViewController.swift in Sources */ = {isa = PBXBuildFile; fileRef = 58D0E74325391951008FB837 /* ViewController.swift */; };
		58D0E75125392252008FB837 /* addViewController.swift in Sources */ = {isa = PBXBuildFile; fileRef = 58D0E75025392251008FB837 /* addViewController.swift */; };
		58D0E75725392E3A008FB837 /* ToDo_List.xcdatamodeld in Sources */ = {isa = PBXBuildFile; fileRef = 58D0E75525392E3A008FB837 /* ToDo_List.xcdatamodeld */; };
/* End PBXBuildFile section */

/* Begin PBXContainerItemProxy section */
		58D0E71C25391801008FB837 /* PBXContainerItemProxy */ = {
			isa = PBXContainerItemProxy;
			containerPortal = 58D0E6FD253917FF008FB837 /* Project object */;
			proxyType = 1;
			remoteGlobalIDString = 58D0E704253917FF008FB837;
			remoteInfo = "ToDo List";
		};
		58D0E72725391801008FB837 /* PBXContainerItemProxy */ = {
			isa = PBXContainerItemProxy;
			containerPortal = 58D0E6FD253917FF008FB837 /* Project object */;
			proxyType = 1;
			remoteGlobalIDString = 58D0E704253917FF008FB837;
			remoteInfo = "ToDo List";
		};
/* End PBXContainerItemProxy section */

/* Begin PBXFileReference section */
		58D0E705253917FF008FB837 /* ToDo List.app */ = {isa = PBXFileReference; explicitFileType = wrapper.application; includeInIndex = 0; path = "ToDo List.app"; sourceTree = BUILT_PRODUCTS_DIR; };
		58D0E708253917FF008FB837 /* AppDelegate.swift */ = {isa = PBXFileReference; lastKnownFileType = sourcecode.swift; path = AppDelegate.swift; sourceTree = "<group>"; };
		58D0E70A253917FF008FB837 /* SceneDelegate.swift */ = {isa = PBXFileReference; lastKnownFileType = sourcecode.swift; path = SceneDelegate.swift; sourceTree = "<group>"; };
		58D0E70F253917FF008FB837 /* Base */ = {isa = PBXFileReference; lastKnownFileType = file.storyboard; name = Base; path = Base.lproj/Main.storyboard; sourceTree = "<group>"; };
		58D0E71125391801008FB837 /* Assets.xcassets */ = {isa = PBXFileReference; lastKnownFileType = folder.assetcatalog; path = Assets.xcassets; sourceTree = "<group>"; };
		58D0E71425391801008FB837 /* Base */ = {isa = PBXFileReference; lastKnownFileType = file.storyboard; name = Base; path = Base.lproj/LaunchScreen.storyboard; sourceTree = "<group>"; };
		58D0E71625391801008FB837 /* Info.plist */ = {isa = PBXFileReference; lastKnownFileType = text.plist.xml; path = Info.plist; sourceTree = "<group>"; };
		58D0E71B25391801008FB837 /* ToDo ListTests.xctest */ = {isa = PBXFileReference; explicitFileType = wrapper.cfbundle; includeInIndex = 0; path = "ToDo ListTests.xctest"; sourceTree = BUILT_PRODUCTS_DIR; };
		58D0E71F25391801008FB837 /* ToDo_ListTests.swift */ = {isa = PBXFileReference; lastKnownFileType = sourcecode.swift; path = ToDo_ListTests.swift; sourceTree = "<group>"; };
		58D0E72125391801008FB837 /* Info.plist */ = {isa = PBXFileReference; lastKnownFileType = text.plist.xml; path = Info.plist; sourceTree = "<group>"; };
		58D0E72625391801008FB837 /* ToDo ListUITests.xctest */ = {isa = PBXFileReference; explicitFileType = wrapper.cfbundle; includeInIndex = 0; path = "ToDo ListUITests.xctest"; sourceTree = BUILT_PRODUCTS_DIR; };
		58D0E72A25391801008FB837 /* ToDo_ListUITests.swift */ = {isa = PBXFileReference; lastKnownFileType = sourcecode.swift; path = ToDo_ListUITests.swift; sourceTree = "<group>"; };
		58D0E72C25391801008FB837 /* Info.plist */ = {isa = PBXFileReference; lastKnownFileType = text.plist.xml; path = Info.plist; sourceTree = "<group>"; };
		58D0E73E253918C4008FB837 /* TableViewController.swift */ = {isa = PBXFileReference; lastKnownFileType = sourcecode.swift; path = TableViewController.swift; sourceTree = "<group>"; };
		58D0E74325391951008FB837 /* ViewController.swift */ = {isa = PBXFileReference; lastKnownFileType = sourcecode.swift; path = ViewController.swift; sourceTree = "<group>"; };
		58D0E75025392251008FB837 /* addViewController.swift */ = {isa = PBXFileReference; lastKnownFileType = sourcecode.swift; path = addViewController.swift; sourceTree = "<group>"; };
		58D0E75625392E3A008FB837 /* ToDo_List.xcdatamodel */ = {isa = PBXFileReference; lastKnownFileType = wrapper.xcdatamodel; path = ToDo_List.xcdatamodel; sourceTree = "<group>"; };
/* End PBXFileReference section */

/* Begin PBXFrameworksBuildPhase section */
		58D0E702253917FF008FB837 /* Frameworks */ = {
			isa = PBXFrameworksBuildPhase;
			buildActionMask = 2147483647;
			files = (
			);
			runOnlyForDeploymentPostprocessing = 0;
		};
		58D0E71825391801008FB837 /* Frameworks */ = {
			isa = PBXFrameworksBuildPhase;
			buildActionMask = 2147483647;
			files = (
			);
			runOnlyForDeploymentPostprocessing = 0;
		};
		58D0E72325391801008FB837 /* Frameworks */ = {
			isa = PBXFrameworksBuildPhase;
			buildActionMask = 2147483647;
			files = (
			);
			runOnlyForDeploymentPostprocessing = 0;
		};
/* End PBXFrameworksBuildPhase section */

/* Begin PBXGroup section */
		58D0E6FC253917FF008FB837 = {
			isa = PBXGroup;
			children = (
				58D0E707253917FF008FB837 /* ToDo List */,
				58D0E71E25391801008FB837 /* ToDo ListTests */,
				58D0E72925391801008FB837 /* ToDo ListUITests */,
				58D0E706253917FF008FB837 /* Products */,
			);
			sourceTree = "<group>";
		};
		58D0E706253917FF008FB837 /* Products */ = {
			isa = PBXGroup;
			children = (
				58D0E705253917FF008FB837 /* ToDo List.app */,
				58D0E71B25391801008FB837 /* ToDo ListTests.xctest */,
				58D0E72625391801008FB837 /* ToDo ListUITests.xctest */,
			);
			name = Products;
			sourceTree = "<group>";
		};
		58D0E707253917FF008FB837 /* ToDo List */ = {
			isa = PBXGroup;
			children = (
				58D0E708253917FF008FB837 /* AppDelegate.swift */,
				58D0E70A253917FF008FB837 /* SceneDelegate.swift */,
				58D0E70E253917FF008FB837 /* Main.storyboard */,
				58D0E71125391801008FB837 /* Assets.xcassets */,
				58D0E71325391801008FB837 /* LaunchScreen.storyboard */,
				58D0E71625391801008FB837 /* Info.plist */,
				58D0E73E253918C4008FB837 /* TableViewController.swift */,
				58D0E74325391951008FB837 /* ViewController.swift */,
				58D0E75025392251008FB837 /* addViewController.swift */,
				58D0E75525392E3A008FB837 /* ToDo_List.xcdatamodeld */,
			);
			path = "ToDo List";
			sourceTree = "<group>";
		};
		58D0E71E25391801008FB837 /* ToDo ListTests */ = {
			isa = PBXGroup;
			children = (
				58D0E71F25391801008FB837 /* ToDo_ListTests.swift */,
				58D0E72125391801008FB837 /* Info.plist */,
			);
			path = "ToDo ListTests";
			sourceTree = "<group>";
		};
		58D0E72925391801008FB837 /* ToDo ListUITests */ = {
			isa = PBXGroup;
			children = (
				58D0E72A25391801008FB837 /* ToDo_ListUITests.swift */,
				58D0E72C25391801008FB837 /* Info.plist */,
			);
			path = "ToDo ListUITests";
			sourceTree = "<group>";
		};
/* End PBXGroup section */

/* Begin PBXNativeTarget section */
		58D0E704253917FF008FB837 /* ToDo List */ = {
			isa = PBXNativeTarget;
			buildConfigurationList = 58D0E72F25391801008FB837 /* Build configuration list for PBXNativeTarget "ToDo List" */;
			buildPhases = (
				58D0E701253917FF008FB837 /* Sources */,
				58D0E702253917FF008FB837 /* Frameworks */,
				58D0E703253917FF008FB837 /* Resources */,
			);
			buildRules = (
			);
			dependencies = (
			);
			name = "ToDo List";
			productName = "ToDo List";
			productReference = 58D0E705253917FF008FB837 /* ToDo List.app */;
			productType = "com.apple.product-type.application";
		};
		58D0E71A25391801008FB837 /* ToDo ListTests */ = {
			isa = PBXNativeTarget;
			buildConfigurationList = 58D0E73225391801008FB837 /* Build configuration list for PBXNativeTarget "ToDo ListTests" */;
			buildPhases = (
				58D0E71725391801008FB837 /* Sources */,
				58D0E71825391801008FB837 /* Frameworks */,
				58D0E71925391801008FB837 /* Resources */,
			);
			buildRules = (
			);
			dependencies = (
				58D0E71D25391801008FB837 /* PBXTargetDependency */,
			);
			name = "ToDo ListTests";
			productName = "ToDo ListTests";
			productReference = 58D0E71B25391801008FB837 /* ToDo ListTests.xctest */;
			productType = "com.apple.product-type.bundle.unit-test";
		};
		58D0E72525391801008FB837 /* ToDo ListUITests */ = {
			isa = PBXNativeTarget;
			buildConfigurationList = 58D0E73525391801008FB837 /* Build configuration list for PBXNativeTarget "ToDo ListUITests" */;
			buildPhases = (
				58D0E72225391801008FB837 /* Sources */,
				58D0E72325391801008FB837 /* Frameworks */,
				58D0E72425391801008FB837 /* Resources */,
			);
			buildRules = (
			);
			dependencies = (
				58D0E72825391801008FB837 /* PBXTargetDependency */,
			);
			name = "ToDo ListUITests";
			productName = "ToDo ListUITests";
			productReference = 58D0E72625391801008FB837 /* ToDo ListUITests.xctest */;
			productType = "com.apple.product-type.bundle.ui-testing";
		};
/* End PBXNativeTarget section */

/* Begin PBXProject section */
		58D0E6FD253917FF008FB837 /* Project object */ = {
			isa = PBXProject;
			attributes = {
				LastSwiftUpdateCheck = 1200;
				LastUpgradeCheck = 1200;
				TargetAttributes = {
					58D0E704253917FF008FB837 = {
						CreatedOnToolsVersion = 12.0.1;
					};
					58D0E71A25391801008FB837 = {
						CreatedOnToolsVersion = 12.0.1;
						TestTargetID = 58D0E704253917FF008FB837;
					};
					58D0E72525391801008FB837 = {
						CreatedOnToolsVersion = 12.0.1;
						TestTargetID = 58D0E704253917FF008FB837;
					};
				};
			};
			buildConfigurationList = 58D0E700253917FF008FB837 /* Build configuration list for PBXProject "ToDo List" */;
			compatibilityVersion = "Xcode 9.3";
			developmentRegion = en;
			hasScannedForEncodings = 0;
			knownRegions = (
				en,
				Base,
			);
			mainGroup = 58D0E6FC253917FF008FB837;
			productRefGroup = 58D0E706253917FF008FB837 /* Products */;
			projectDirPath = "";
			projectRoot = "";
			targets = (
				58D0E704253917FF008FB837 /* ToDo List */,
				58D0E71A25391801008FB837 /* ToDo ListTests */,
				58D0E72525391801008FB837 /* ToDo ListUITests */,
			);
		};
/* End PBXProject section */

/* Begin PBXResourcesBuildPhase section */
		58D0E703253917FF008FB837 /* Resources */ = {
			isa = PBXResourcesBuildPhase;
			buildActionMask = 2147483647;
			files = (
				58D0E71525391801008FB837 /* LaunchScreen.storyboard in Resources */,
				58D0E71225391801008FB837 /* Assets.xcassets in Resources */,
				58D0E710253917FF008FB837 /* Main.storyboard in Resources */,
			);
			runOnlyForDeploymentPostprocessing = 0;
		};
		58D0E71925391801008FB837 /* Resources */ = {
			isa = PBXResourcesBuildPhase;
			buildActionMask = 2147483647;
			files = (
			);
			runOnlyForDeploymentPostprocessing = 0;
		};
		58D0E72425391801008FB837 /* Resources */ = {
			isa = PBXResourcesBuildPhase;
			buildActionMask = 2147483647;
			files = (
			);
			runOnlyForDeploymentPostprocessing = 0;
		};
/* End PBXResourcesBuildPhase section */

/* Begin PBXSourcesBuildPhase section */
		58D0E701253917FF008FB837 /* Sources */ = {
			isa = PBXSourcesBuildPhase;
			buildActionMask = 2147483647;
			files = (
				58D0E709253917FF008FB837 /* AppDelegate.swift in Sources */,
				58D0E75725392E3A008FB837 /* ToDo_List.xcdatamodeld in Sources */,
				58D0E73F253918C4008FB837 /* TableViewController.swift in Sources */,
				58D0E74425391951008FB837 /* ViewController.swift in Sources */,
				58D0E75125392252008FB837 /* addViewController.swift in Sources */,
				58D0E70B253917FF008FB837 /* SceneDelegate.swift in Sources */,
			);
			runOnlyForDeploymentPostprocessing = 0;
		};
		58D0E71725391801008FB837 /* Sources */ = {
			isa = PBXSourcesBuildPhase;
			buildActionMask = 2147483647;
			files = (
				58D0E72025391801008FB837 /* ToDo_ListTests.swift in Sources */,
			);
			runOnlyForDeploymentPostprocessing = 0;
		};
		58D0E72225391801008FB837 /* Sources */ = {
			isa = PBXSourcesBuildPhase;
			buildActionMask = 2147483647;
			files = (
				58D0E72B25391801008FB837 /* ToDo_ListUITests.swift in Sources */,
			);
			runOnlyForDeploymentPostprocessing = 0;
		};
/* End PBXSourcesBuildPhase section */

/* Begin PBXTargetDependency section */
		58D0E71D25391801008FB837 /* PBXTargetDependency */ = {
			isa = PBXTargetDependency;
			target = 58D0E704253917FF008FB837 /* ToDo List */;
			targetProxy = 58D0E71C25391801008FB837 /* PBXContainerItemProxy */;
		};
		58D0E72825391801008FB837 /* PBXTargetDependency */ = {
			isa = PBXTargetDependency;
			target = 58D0E704253917FF008FB837 /* ToDo List */;
			targetProxy = 58D0E72725391801008FB837 /* PBXContainerItemProxy */;
		};
/* End PBXTargetDependency section */

/* Begin PBXVariantGroup section */
		58D0E70E253917FF008FB837 /* Main.storyboard */ = {
			isa = PBXVariantGroup;
			children = (
				58D0E70F253917FF008FB837 /* Base */,
			);
			name = Main.storyboard;
			sourceTree = "<group>";
		};
		58D0E71325391801008FB837 /* LaunchScreen.storyboard */ = {
			isa = PBXVariantGroup;
			children = (
				58D0E71425391801008FB837 /* Base */,
			);
			name = LaunchScreen.storyboard;
			sourceTree = "<group>";
		};
/* End PBXVariantGroup section */

/* Begin XCBuildConfiguration section */
		58D0E72D25391801008FB837 /* Debug */ = {
			isa = XCBuildConfiguration;
			buildSettings = {
				ALWAYS_SEARCH_USER_PATHS = NO;
				CLANG_ANALYZER_NONNULL = YES;
				CLANG_ANALYZER_NUMBER_OBJECT_CONVERSION = YES_AGGRESSIVE;
				CLANG_CXX_LANGUAGE_STANDARD = "gnu++14";
				CLANG_CXX_LIBRARY = "libc++";
				CLANG_ENABLE_MODULES = YES;
				CLANG_ENABLE_OBJC_ARC = YES;
				CLANG_ENABLE_OBJC_WEAK = YES;
				CLANG_WARN_BLOCK_CAPTURE_AUTORELEASING = YES;
				CLANG_WARN_BOOL_CONVERSION = YES;
				CLANG_WARN_COMMA = YES;
				CLANG_WARN_CONSTANT_CONVERSION = YES;
				CLANG_WARN_DEPRECATED_OBJC_IMPLEMENTATIONS = YES;
				CLANG_WARN_DIRECT_OBJC_ISA_USAGE = YES_ERROR;
				CLANG_WARN_DOCUMENTATION_COMMENTS = YES;
				CLANG_WARN_EMPTY_BODY = YES;
				CLANG_WARN_ENUM_CONVERSION = YES;
				CLANG_WARN_INFINITE_RECURSION = YES;
				CLANG_WARN_INT_CONVERSION = YES;
				CLANG_WARN_NON_LITERAL_NULL_CONVERSION = YES;
				CLANG_WARN_OBJC_IMPLICIT_RETAIN_SELF = YES;
				CLANG_WARN_OBJC_LITERAL_CONVERSION = YES;
				CLANG_WARN_OBJC_ROOT_CLASS = YES_ERROR;
				CLANG_WARN_QUOTED_INCLUDE_IN_FRAMEWORK_HEADER = YES;
				CLANG_WARN_RANGE_LOOP_ANALYSIS = YES;
				CLANG_WARN_STRICT_PROTOTYPES = YES;
				CLANG_WARN_SUSPICIOUS_MOVE = YES;
				CLANG_WARN_UNGUARDED_AVAILABILITY = YES_AGGRESSIVE;
				CLANG_WARN_UNREACHABLE_CODE = YES;
				CLANG_WARN__DUPLICATE_METHOD_MATCH = YES;
				COPY_PHASE_STRIP = NO;
				DEBUG_INFORMATION_FORMAT = dwarf;
				ENABLE_STRICT_OBJC_MSGSEND = YES;
				ENABLE_TESTABILITY = YES;
				GCC_C_LANGUAGE_STANDARD = gnu11;
				GCC_DYNAMIC_NO_PIC = NO;
				GCC_NO_COMMON_BLOCKS = YES;
				GCC_OPTIMIZATION_LEVEL = 0;
				GCC_PREPROCESSOR_DEFINITIONS = (
					"DEBUG=1",
					"$(inherited)",
				);
				GCC_WARN_64_TO_32_BIT_CONVERSION = YES;
				GCC_WARN_ABOUT_RETURN_TYPE = YES_ERROR;
				GCC_WARN_UNDECLARED_SELECTOR = YES;
				GCC_WARN_UNINITIALIZED_AUTOS = YES_AGGRESSIVE;
				GCC_WARN_UNUSED_FUNCTION = YES;
				GCC_WARN_UNUSED_VARIABLE = YES;
				IPHONEOS_DEPLOYMENT_TARGET = 14.0;
				MTL_ENABLE_DEBUG_INFO = INCLUDE_SOURCE;
				MTL_FAST_MATH = YES;
				ONLY_ACTIVE_ARCH = YES;
				SDKROOT = iphoneos;
				SWIFT_ACTIVE_COMPILATION_CONDITIONS = DEBUG;
				SWIFT_OPTIMIZATION_LEVEL = "-Onone";
			};
			name = Debug;
		};
		58D0E72E25391801008FB837 /* Release */ = {
			isa = XCBuildConfiguration;
			buildSettings = {
				ALWAYS_SEARCH_USER_PATHS = NO;
				CLANG_ANALYZER_NONNULL = YES;
				CLANG_ANALYZER_NUMBER_OBJECT_CONVERSION = YES_AGGRESSIVE;
				CLANG_CXX_LANGUAGE_STANDARD = "gnu++14";
				CLANG_CXX_LIBRARY = "libc++";
				CLANG_ENABLE_MODULES = YES;
				CLANG_ENABLE_OBJC_ARC = YES;
				CLANG_ENABLE_OBJC_WEAK = YES;
				CLANG_WARN_BLOCK_CAPTURE_AUTORELEASING = YES;
				CLANG_WARN_BOOL_CONVERSION = YES;
				CLANG_WARN_COMMA = YES;
				CLANG_WARN_CONSTANT_CONVERSION = YES;
				CLANG_WARN_DEPRECATED_OBJC_IMPLEMENTATIONS = YES;
				CLANG_WARN_DIRECT_OBJC_ISA_USAGE = YES_ERROR;
				CLANG_WARN_DOCUMENTATION_COMMENTS = YES;
				CLANG_WARN_EMPTY_BODY = YES;
				CLANG_WARN_ENUM_CONVERSION = YES;
				CLANG_WARN_INFINITE_RECURSION = YES;
				CLANG_WARN_INT_CONVERSION = YES;
				CLANG_WARN_NON_LITERAL_NULL_CONVERSION = YES;
				CLANG_WARN_OBJC_IMPLICIT_RETAIN_SELF = YES;
				CLANG_WARN_OBJC_LITERAL_CONVERSION = YES;
				CLANG_WARN_OBJC_ROOT_CLASS = YES_ERROR;
				CLANG_WARN_QUOTED_INCLUDE_IN_FRAMEWORK_HEADER = YES;
				CLANG_WARN_RANGE_LOOP_ANALYSIS = YES;
				CLANG_WARN_STRICT_PROTOTYPES = YES;
				CLANG_WARN_SUSPICIOUS_MOVE = YES;
				CLANG_WARN_UNGUARDED_AVAILABILITY = YES_AGGRESSIVE;
				CLANG_WARN_UNREACHABLE_CODE = YES;
				CLANG_WARN__DUPLICATE_METHOD_MATCH = YES;
				COPY_PHASE_STRIP = NO;
				DEBUG_INFORMATION_FORMAT = "dwarf-with-dsym";
				ENABLE_NS_ASSERTIONS = NO;
				ENABLE_STRICT_OBJC_MSGSEND = YES;
				GCC_C_LANGUAGE_STANDARD = gnu11;
				GCC_NO_COMMON_BLOCKS = YES;
				GCC_WARN_64_TO_32_BIT_CONVERSION = YES;
				GCC_WARN_ABOUT_RETURN_TYPE = YES_ERROR;
				GCC_WARN_UNDECLARED_SELECTOR = YES;
				GCC_WARN_UNINITIALIZED_AUTOS = YES_AGGRESSIVE;
				GCC_WARN_UNUSED_FUNCTION = YES;
				GCC_WARN_UNUSED_VARIABLE = YES;
				IPHONEOS_DEPLOYMENT_TARGET = 14.0;
				MTL_ENABLE_DEBUG_INFO = NO;
				MTL_FAST_MATH = YES;
				SDKROOT = iphoneos;
				SWIFT_COMPILATION_MODE = wholemodule;
				SWIFT_OPTIMIZATION_LEVEL = "-O";
				VALIDATE_PRODUCT = YES;
			};
			name = Release;
		};
		58D0E73025391801008FB837 /* Debug */ = {
			isa = XCBuildConfiguration;
			buildSettings = {
				ASSETCATALOG_COMPILER_APPICON_NAME = AppIcon;
				ASSETCATALOG_COMPILER_GLOBAL_ACCENT_COLOR_NAME = AccentColor;
				CODE_SIGN_STYLE = Automatic;
				INFOPLIST_FILE = "ToDo List/Info.plist";
				LD_RUNPATH_SEARCH_PATHS = (
					"$(inherited)",
					"@executable_path/Frameworks",
				);
				PRODUCT_BUNDLE_IDENTIFIER = "Jaewoo.ToDo-List";
				PRODUCT_NAME = "$(TARGET_NAME)";
				SWIFT_VERSION = 5.0;
				TARGETED_DEVICE_FAMILY = "1,2";
			};
			name = Debug;
		};
		58D0E73125391801008FB837 /* Release */ = {
			isa = XCBuildConfiguration;
			buildSettings = {
				ASSETCATALOG_COMPILER_APPICON_NAME = AppIcon;
				ASSETCATALOG_COMPILER_GLOBAL_ACCENT_COLOR_NAME = AccentColor;
				CODE_SIGN_STYLE = Automatic;
				INFOPLIST_FILE = "ToDo List/Info.plist";
				LD_RUNPATH_SEARCH_PATHS = (
					"$(inherited)",
					"@executable_path/Frameworks",
				);
				PRODUCT_BUNDLE_IDENTIFIER = "Jaewoo.ToDo-List";
				PRODUCT_NAME = "$(TARGET_NAME)";
				SWIFT_VERSION = 5.0;
				TARGETED_DEVICE_FAMILY = "1,2";
			};
			name = Release;
		};
		58D0E73325391801008FB837 /* Debug */ = {
			isa = XCBuildConfiguration;
			buildSettings = {
				ALWAYS_EMBED_SWIFT_STANDARD_LIBRARIES = YES;
				BUNDLE_LOADER = "$(TEST_HOST)";
				CODE_SIGN_STYLE = Automatic;
				INFOPLIST_FILE = "ToDo ListTests/Info.plist";
				IPHONEOS_DEPLOYMENT_TARGET = 14.0;
				LD_RUNPATH_SEARCH_PATHS = (
					"$(inherited)",
					"@executable_path/Frameworks",
					"@loader_path/Frameworks",
				);
				PRODUCT_BUNDLE_IDENTIFIER = "Jaewoo.ToDo-ListTests";
				PRODUCT_NAME = "$(TARGET_NAME)";
				SWIFT_VERSION = 5.0;
				TARGETED_DEVICE_FAMILY = "1,2";
				TEST_HOST = "$(BUILT_PRODUCTS_DIR)/ToDo List.app/ToDo List";
			};
			name = Debug;
		};
		58D0E73425391801008FB837 /* Release */ = {
			isa = XCBuildConfiguration;
			buildSettings = {
				ALWAYS_EMBED_SWIFT_STANDARD_LIBRARIES = YES;
				BUNDLE_LOADER = "$(TEST_HOST)";
				CODE_SIGN_STYLE = Automatic;
				INFOPLIST_FILE = "ToDo ListTests/Info.plist";
				IPHONEOS_DEPLOYMENT_TARGET = 14.0;
				LD_RUNPATH_SEARCH_PATHS = (
					"$(inherited)",
					"@executable_path/Frameworks",
					"@loader_path/Frameworks",
				);
				PRODUCT_BUNDLE_IDENTIFIER = "Jaewoo.ToDo-ListTests";
				PRODUCT_NAME = "$(TARGET_NAME)";
				SWIFT_VERSION = 5.0;
				TARGETED_DEVICE_FAMILY = "1,2";
				TEST_HOST = "$(BUILT_PRODUCTS_DIR)/ToDo List.app/ToDo List";
			};
			name = Release;
		};
		58D0E73625391801008FB837 /* Debug */ = {
			isa = XCBuildConfiguration;
			buildSettings = {
				ALWAYS_EMBED_SWIFT_STANDARD_LIBRARIES = YES;
				CODE_SIGN_STYLE = Automatic;
				INFOPLIST_FILE = "ToDo ListUITests/Info.plist";
				LD_RUNPATH_SEARCH_PATHS = (
					"$(inherited)",
					"@executable_path/Frameworks",
					"@loader_path/Frameworks",
				);
				PRODUCT_BUNDLE_IDENTIFIER = "Jaewoo.ToDo-ListUITests";
				PRODUCT_NAME = "$(TARGET_NAME)";
				SWIFT_VERSION = 5.0;
				TARGETED_DEVICE_FAMILY = "1,2";
				TEST_TARGET_NAME = "ToDo List";
			};
			name = Debug;
		};
		58D0E73725391801008FB837 /* Release */ = {
			isa = XCBuildConfiguration;
			buildSettings = {
				ALWAYS_EMBED_SWIFT_STANDARD_LIBRARIES = YES;
				CODE_SIGN_STYLE = Automatic;
				INFOPLIST_FILE = "ToDo ListUITests/Info.plist";
				LD_RUNPATH_SEARCH_PATHS = (
					"$(inherited)",
					"@executable_path/Frameworks",
					"@loader_path/Frameworks",
				);
				PRODUCT_BUNDLE_IDENTIFIER = "Jaewoo.ToDo-ListUITests";
				PRODUCT_NAME = "$(TARGET_NAME)";
				SWIFT_VERSION = 5.0;
				TARGETED_DEVICE_FAMILY = "1,2";
				TEST_TARGET_NAME = "ToDo List";
			};
			name = Release;
		};
/* End XCBuildConfiguration section */

/* Begin XCConfigurationList section */
		58D0E700253917FF008FB837 /* Build configuration list for PBXProject "ToDo List" */ = {
			isa = XCConfigurationList;
			buildConfigurations = (
				58D0E72D25391801008FB837 /* Debug */,
				58D0E72E25391801008FB837 /* Release */,
			);
			defaultConfigurationIsVisible = 0;
			defaultConfigurationName = Release;
		};
		58D0E72F25391801008FB837 /* Build configuration list for PBXNativeTarget "ToDo List" */ = {
			isa = XCConfigurationList;
			buildConfigurations = (
				58D0E73025391801008FB837 /* Debug */,
				58D0E73125391801008FB837 /* Release */,
			);
			defaultConfigurationIsVisible = 0;
			defaultConfigurationName = Release;
		};
		58D0E73225391801008FB837 /* Build configuration list for PBXNativeTarget "ToDo ListTests" */ = {
			isa = XCConfigurationList;
			buildConfigurations = (
				58D0E73325391801008FB837 /* Debug */,
				58D0E73425391801008FB837 /* Release */,
			);
			defaultConfigurationIsVisible = 0;
			defaultConfigurationName = Release;
		};
		58D0E73525391801008FB837 /* Build configuration list for PBXNativeTarget "ToDo ListUITests" */ = {
			isa = XCConfigurationList;
			buildConfigurations = (
				58D0E73625391801008FB837 /* Debug */,
				58D0E73725391801008FB837 /* Release */,
			);
			defaultConfigurationIsVisible = 0;
			defaultConfigurationName = Release;
		};
/* End XCConfigurationList section */

/* Begin XCVersionGroup section */
		58D0E75525392E3A008FB837 /* ToDo_List.xcdatamodeld */ = {
			isa = XCVersionGroup;
			children = (
				58D0E75625392E3A008FB837 /* ToDo_List.xcdatamodel */,
			);
			currentVersion = 58D0E75625392E3A008FB837 /* ToDo_List.xcdatamodel */;
			path = ToDo_List.xcdatamodeld;
			sourceTree = "<group>";
			versionGroupType = wrapper.xcdatamodel;
		};
/* End XCVersionGroup section */
	};
	rootObject = 58D0E6FD253917FF008FB837 /* Project object */;
}
